
Microsoft Visual Studio Solution File, Format Version 12.00
# Visual Studio Version 17
VisualStudioVersion = 17.3.32929.385
MinimumVisualStudioVersion = 10.0.40219.1
Project("{9A19103F-16F7-4668-BE54-9A1E7A4F7556}") = "ElectronAPI", "ElectronAPI\ElectronAPI.csproj", "{5E57666B-BF83-4DEB-9734-262DA548C678}"
EndProject
Project("{FAE04EC0-301F-11D3-BF4B-00C04F79EFBC}") = "ElectronConsoleApplication", "ElectronConsoleApplication\ElectronConsoleApplication.csproj", "{C63DB64C-6339-4945-A943-714AC46DFFD8}"
EndProject
Global
	GlobalSection(SolutionConfigurationPlatforms) = preSolution
		Debug|Any CPU = Debug|Any CPU
		Release|Any CPU = Release|Any CPU
	EndGlobalSection
	GlobalSection(ProjectConfigurationPlatforms) = postSolution
		{5E57666B-BF83-4DEB-9734-262DA548C678}.Debug|Any CPU.ActiveCfg = Debug|Any CPU
		{5E57666B-BF83-4DEB-9734-262DA548C678}.Debug|Any CPU.Build.0 = Debug|Any CPU
		{5E57666B-BF83-4DEB-9734-262DA548C678}.Release|Any CPU.ActiveCfg = Release|Any CPU
		{5E57666B-BF83-4DEB-9734-262DA548C678}.Release|Any CPU.Build.0 = Release|Any CPU
		{C63DB64C-6339-4945-A943-714AC46DFFD8}.Debug|Any CPU.ActiveCfg = Debug|Any CPU
		{C63DB64C-6339-4945-A943-714AC46DFFD8}.Debug|Any CPU.Build.0 = Debug|Any CPU
		{C63DB64C-6339-4945-A943-714AC46DFFD8}.Release|Any CPU.ActiveCfg = Release|Any CPU
		{C63DB64C-6339-4945-A943-714AC46DFFD8}.Release|Any CPU.Build.0 = Release|Any CPU
	EndGlobalSection
	GlobalSection(SolutionProperties) = preSolution
		HideSolutionNode = FALSE
	EndGlobalSection
	GlobalSection(ExtensibilityGlobals) = postSolution
		SolutionGuid = {CC7FFFA7-E446-4F3E-AF2F-4B6AB254B520}
	EndGlobalSection
EndGlobal
